
Microsoft Visual Studio Solution File, Format Version 12.00
# Visual Studio 15
VisualStudioVersion = 15.0.28307.168
MinimumVisualStudioVersion = 10.0.40219.1
Project("{FAE04EC0-301F-11D3-BF4B-00C04F79EFBC}") = "SalesSystem", "SalesSystem\SalesSystem.csproj", "{EE7AEFFC-900E-49A8-89BF-406453A592FF}"
EndProject
Global
	GlobalSection(SolutionConfigurationPlatforms) = preSolution
		Debug|Any CPU = Debug|Any CPU
		Release|Any CPU = Release|Any CPU
	EndGlobalSection
	GlobalSection(ProjectConfigurationPlatforms) = postSolution
		{EE7AEFFC-900E-49A8-89BF-406453A592FF}.Debug|Any CPU.ActiveCfg = Debug|Any CPU
		{EE7AEFFC-900E-49A8-89BF-406453A592FF}.Debug|Any CPU.Build.0 = Debug|Any CPU
		{EE7AEFFC-900E-49A8-89BF-406453A592FF}.Release|Any CPU.ActiveCfg = Release|Any CPU
		{EE7AEFFC-900E-49A8-89BF-406453A592FF}.Release|Any CPU.Build.0 = Release|Any CPU
	EndGlobalSection
	GlobalSection(SolutionProperties) = preSolution
		HideSolutionNode = FALSE
	EndGlobalSection
	GlobalSection(ExtensibilityGlobals) = postSolution
		SolutionGuid = {F28DE133-55D3-4FF7-A938-74B32E2C26F3}
	EndGlobalSection
EndGlobal
